<?xml version="1.0" encoding="utf-8"?>
<Project ToolsVersion="4.0" xmlns="http://schemas.microsoft.com/developer/msbuild/2003">
  <ItemGroup>
    <Filter Include="resources">
      <UniqueIdentifier>{67DA6AB6-F800-4c08-8B7A-83BB121AAD01}</UniqueIdentifier>
      <Extensions>rc;ico;cur;bmp;dlg;rc2;rct;bin;rgs;gif;jpg;jpeg;jpe;resx;tiff;tif;png;wav;mfcribbon-ms</Extensions>
    </Filter>
    <Filter Include="app">
      <UniqueIdentifier>{24b177a4-4f3e-49b8-ad07-7bb24754e535}</UniqueIdentifier>
    </Filter>
    <Filter Include="direct3d">
      <UniqueIdentifier>{7dd33a9b-350b-4b87-97bf-769eb2c413aa}</UniqueIdentifier>
    </Filter>
    <Filter Include="lod">
      <UniqueIdentifier>{1ec5d5e9-1489-4b0d-b497-18b4c1265263}</UniqueIdentifier>
    </Filter>
    <Filter Include="test">
      <UniqueIdentifier>{85416839-049c-4ac3-b33b-0be914185b88}</UniqueIdentifier>
    </Filter>
    <Filter Include="test\text">
      <UniqueIdentifier>{a14e5f98-daee-48f7-b6f7-1418957559bf}</UniqueIdentifier>
    </Filter>
    <Filter Include="test\animation">
      <UniqueIdentifier>{cb9511fa-00b8-4a63-ba1c-edcd44564039}</UniqueIdentifier>
    </Filter>
    <Filter Include="hlsl">
      <UniqueIdentifier>{f3064276-b2e5-4abd-817d-690205a3563d}</UniqueIdentifier>
    </Filter>
    <Filter Include="test\list">
      <UniqueIdentifier>{6fac98bf-1c33-4738-85f6-95d1af0587b6}</UniqueIdentifier>
    </Filter>
    <Filter Include="test\emulator">
      <UniqueIdentifier>{a8ecb2be-23d0-45b0-bca9-34a710e22936}</UniqueIdentifier>
    </Filter>
    <Filter Include="test\shadow">
      <UniqueIdentifier>{76bae05f-bc9e-473a-8b84-cae5f471b311}</UniqueIdentifier>
    </Filter>
    <Filter Include="test\3d">
      <UniqueIdentifier>{8cfa8f7b-f4e2-4aff-bd98-2cf54675f6ee}</UniqueIdentifier>
    </Filter>
    <Filter Include="resources\layout">
      <UniqueIdentifier>{32702468-1b1f-4d2b-9b1a-7679a1ce6bf7}</UniqueIdentifier>
    </Filter>
    <Filter Include="disassembler">
      <UniqueIdentifier>{7a185f92-26cd-467b-b88d-2e481f617de7}</UniqueIdentifier>
    </Filter>
    <Filter Include="test\security">
      <UniqueIdentifier>{08754313-9ea5-4177-a2c6-84ab0a9a4587}</UniqueIdentifier>
    </Filter>
    <Filter Include="test\utils">
      <UniqueIdentifier>{24d0f31e-a6a8-4890-a9a0-d797d84f0145}</UniqueIdentifier>
    </Filter>
    <Filter Include="cyroneno">
      <UniqueIdentifier>{77384204-9752-4b6b-a92b-12b15077fd82}</UniqueIdentifier>
    </Filter>
    <Filter Include="cyroneno\pipeline">
      <UniqueIdentifier>{56095ada-0813-4191-afea-5417d242e336}</UniqueIdentifier>
    </Filter>
    <Filter Include="cyroneno\text">
      <UniqueIdentifier>{92cb94c4-671b-400a-9b75-b734a61abfc9}</UniqueIdentifier>
    </Filter>
    <Filter Include="cyroneno\text\opentype">
      <UniqueIdentifier>{ea8dfd21-1f35-47f6-bcf2-75cade15e65a}</UniqueIdentifier>
    </Filter>
    <Filter Include="cyroneno\text\opentype\tables">
      <UniqueIdentifier>{03aff1b1-1191-46b5-9897-cf7bd3fa42fb}</UniqueIdentifier>
    </Filter>
    <Filter Include="cyroneno\text\opentype\tt_instruction">
      <UniqueIdentifier>{e0d75f04-7935-4652-bd1f-a0c15b75c6a1}</UniqueIdentifier>
    </Filter>
    <Filter Include="cyroneno\ray_tracer">
      <UniqueIdentifier>{16ebf311-80e8-4583-a178-01c92c100ded}</UniqueIdentifier>
    </Filter>
    <Filter Include="cyroneno\rasterizer">
      <UniqueIdentifier>{e19963d7-3136-4f32-ab64-0529fd51eaf7}</UniqueIdentifier>
    </Filter>
  </ItemGroup>
  <ItemGroup>
    <ClCompile Include="app\shell.cpp">
      <Filter>app</Filter>
    </ClCompile>
    <ClCompile Include="direct3d\assist_configure.cpp">
      <Filter>direct3d</Filter>
    </ClCompile>
    <ClCompile Include="direct3d\model_configure.cpp">
      <Filter>direct3d</Filter>
    </ClCompile>
    <ClCompile Include="lod\lod_window.cpp">
      <Filter>lod</Filter>
    </ClCompile>
    <ClCompile Include="lod\qtree_node.cpp">
      <Filter>lod</Filter>
    </ClCompile>
    <ClCompile Include="lod\terrain_scene.cpp">
      <Filter>lod</Filter>
    </ClCompile>
    <ClCompile Include="lod\lod_generator.cpp">
      <Filter>lod</Filter>
    </ClCompile>
    <ClCompile Include="test\test_window.cpp">
      <Filter>test</Filter>
    </ClCompile>
    <ClCompile Include="test\text\text_window.cpp">
      <Filter>test\text</Filter>
    </ClCompile>
    <ClCompile Include="lod\terrain_configure.cpp">
      <Filter>lod</Filter>
    </ClCompile>
    <ClCompile Include="test\list\test_adapter.cpp">
      <Filter>test\list</Filter>
    </ClCompile>
    <ClCompile Include="test\emulator\emulator_view.cpp">
      <Filter>test\emulator</Filter>
    </ClCompile>
    <ClCompile Include="test\emulator\emulator_window.cpp">
      <Filter>test\emulator</Filter>
    </ClCompile>
    <ClCompile Include="direct3d\camera.cpp">
      <Filter>direct3d</Filter>
    </ClCompile>
    <ClCompile Include="direct3d\graph_creator.cpp">
      <Filter>direct3d</Filter>
    </ClCompile>
    <ClCompile Include="test\shadow\shadow_window.cpp">
      <Filter>test\shadow</Filter>
    </ClCompile>
    <ClCompile Include="test\3d\motion_window.cpp">
      <Filter>test\3d</Filter>
    </ClCompile>
    <ClCompile Include="disassembler\code_data_provider.cpp">
      <Filter>disassembler</Filter>
    </ClCompile>
    <ClCompile Include="disassembler\debugger.cpp">
      <Filter>disassembler</Filter>
    </ClCompile>
    <ClCompile Include="disassembler\intel_instruction_params.cpp">
      <Filter>disassembler</Filter>
    </ClCompile>
    <ClCompile Include="disassembler\intel_instructions.cpp">
      <Filter>disassembler</Filter>
    </ClCompile>
    <ClCompile Include="disassembler\opcode_list_adapter.cpp">
      <Filter>disassembler</Filter>
    </ClCompile>
    <ClCompile Include="disassembler\opcode_map.cpp">
      <Filter>disassembler</Filter>
    </ClCompile>
    <ClCompile Include="disassembler\pe_file.cpp">
      <Filter>disassembler</Filter>
    </ClCompile>
    <ClCompile Include="disassembler\disassembler_window.cpp">
      <Filter>disassembler</Filter>
    </ClCompile>
    <ClCompile Include="test\security\crypto_unit_test.cpp">
      <Filter>test\security</Filter>
    </ClCompile>
    <ClCompile Include="test\security\digest_unit_test.cpp">
      <Filter>test\security</Filter>
    </ClCompile>
    <ClCompile Include="test\utils\big_integer_unit_test.cpp">
      <Filter>test\utils</Filter>
    </ClCompile>
    <ClCompile Include="test\utils\json_unit_test.cpp">
      <Filter>test\utils</Filter>
    </ClCompile>
    <ClCompile Include="cyroneno\cyroneno_window.cpp">
      <Filter>cyroneno</Filter>
    </ClCompile>
    <ClCompile Include="cyroneno\color.cpp">
      <Filter>cyroneno</Filter>
    </ClCompile>
    <ClCompile Include="cyroneno\image.cpp">
      <Filter>cyroneno</Filter>
    </ClCompile>
    <ClCompile Include="cyroneno\matrix.cpp">
      <Filter>cyroneno</Filter>
    </ClCompile>
    <ClCompile Include="cyroneno\vector.cpp">
      <Filter>cyroneno</Filter>
    </ClCompile>
    <ClCompile Include="cyroneno\point.cpp">
      <Filter>cyroneno</Filter>
    </ClCompile>
    <ClCompile Include="cyroneno\equations.cpp">
      <Filter>cyroneno</Filter>
    </ClCompile>
    <ClCompile Include="cyroneno\box.cpp">
      <Filter>cyroneno</Filter>
    </ClCompile>
    <ClCompile Include="cyroneno\pipeline\pipeline.cpp">
      <Filter>cyroneno\pipeline</Filter>
    </ClCompile>
    <ClCompile Include="cyroneno\text\opentype\opentype_font.cpp">
      <Filter>cyroneno\text\opentype</Filter>
    </ClCompile>
    <ClCompile Include="cyroneno\text\opentype\opentype_rasterizer.cpp">
      <Filter>cyroneno\text\opentype</Filter>
    </ClCompile>
    <ClCompile Include="cyroneno\text\opentype\opentype_tables.cpp">
      <Filter>cyroneno\text\opentype</Filter>
    </ClCompile>
    <ClCompile Include="cyroneno\text\opentype\tables\cmap.cpp">
      <Filter>cyroneno\text\opentype\tables</Filter>
    </ClCompile>
    <ClCompile Include="cyroneno\text\opentype\tables\glyf.cpp">
      <Filter>cyroneno\text\opentype\tables</Filter>
    </ClCompile>
    <ClCompile Include="cyroneno\text\opentype\tables\head.cpp">
      <Filter>cyroneno\text\opentype\tables</Filter>
    </ClCompile>
    <ClCompile Include="cyroneno\text\opentype\tables\loca.cpp">
      <Filter>cyroneno\text\opentype\tables</Filter>
    </ClCompile>
    <ClCompile Include="cyroneno\text\opentype\tables\maxp.cpp">
      <Filter>cyroneno\text\opentype\tables</Filter>
    </ClCompile>
    <ClCompile Include="cyroneno\text\opentype\tt_instructions\tti_interpreter.cpp">
      <Filter>cyroneno\text\opentype\tt_instruction</Filter>
    </ClCompile>
    <ClCompile Include="cyroneno\text\opentype\tables\cvt.cpp">
      <Filter>cyroneno\text\opentype\tables</Filter>
    </ClCompile>
    <ClCompile Include="cyroneno\ray_tracer\ray_tracer.cpp">
      <Filter>cyroneno\ray_tracer</Filter>
    </ClCompile>
    <ClCompile Include="cyroneno\ray_tracer\scene.cpp">
      <Filter>cyroneno\ray_tracer</Filter>
    </ClCompile>
    <ClCompile Include="cyroneno\ray_tracer\surface.cpp">
      <Filter>cyroneno\ray_tracer</Filter>
    </ClCompile>
    <ClCompile Include="cyroneno\rasterizer\rasterizer.cpp">
      <Filter>cyroneno\rasterizer</Filter>
    </ClCompile>
    <ClCompile Include="cyroneno\rasterizer\common.cpp">
      <Filter>cyroneno\rasterizer</Filter>
    </ClCompile>
    <ClCompile Include="cyroneno\rasterizer\point_rz.cpp">
      <Filter>cyroneno\rasterizer</Filter>
    </ClCompile>
    <ClCompile Include="cyroneno\rasterizer\line_rz.cpp">
      <Filter>cyroneno\rasterizer</Filter>
    </ClCompile>
    <ClCompile Include="cyroneno\rasterizer\circle_rz.cpp">
      <Filter>cyroneno\rasterizer</Filter>
    </ClCompile>
    <ClCompile Include="cyroneno\rasterizer\triangle_rz.cpp">
      <Filter>cyroneno\rasterizer</Filter>
    </ClCompile>
    <ClCompile Include="cyroneno\rasterizer\bezier_quad_rz.cpp">
      <Filter>cyroneno\rasterizer</Filter>
    </ClCompile>
    <ClCompile Include="cyroneno\rasterizer\bezier_cubic_rz.cpp">
      <Filter>cyroneno\rasterizer</Filter>
    </ClCompile>
  </ItemGroup>
  <ItemGroup>
    <ClInclude Include="resources\resource.h">
      <Filter>resources</Filter>
    </ClInclude>
    <ClInclude Include="direct3d\assist_configure.h">
      <Filter>direct3d</Filter>
    </ClInclude>
    <ClInclude Include="direct3d\model_configure.h">
      <Filter>direct3d</Filter>
    </ClInclude>
    <ClInclude Include="lod\lod_window.h">
      <Filter>lod</Filter>
    </ClInclude>
    <ClInclude Include="lod\qtree_node.h">
      <Filter>lod</Filter>
    </ClInclude>
    <ClInclude Include="lod\terrain_scene.h">
      <Filter>lod</Filter>
    </ClInclude>
    <ClInclude Include="lod\lod_generator.h">
      <Filter>lod</Filter>
    </ClInclude>
    <ClInclude Include="test\test_window.h">
      <Filter>test</Filter>
    </ClInclude>
    <ClInclude Include="test\text\text_window.h">
      <Filter>test\text</Filter>
    </ClInclude>
    <ClInclude Include="lod\terrain_configure.h">
      <Filter>lod</Filter>
    </ClInclude>
    <ClInclude Include="test\list\test_adapter.h">
      <Filter>test\list</Filter>
    </ClInclude>
    <ClInclude Include="test\emulator\emulator_view.h">
      <Filter>test\emulator</Filter>
    </ClInclude>
    <ClInclude Include="test\emulator\emulator_window.h">
      <Filter>test\emulator</Filter>
    </ClInclude>
    <ClInclude Include="direct3d\camera.h">
      <Filter>direct3d</Filter>
    </ClInclude>
    <ClInclude Include="direct3d\graph_creator.h">
      <Filter>direct3d</Filter>
    </ClInclude>
    <ClInclude Include="test\shadow\shadow_window.h">
      <Filter>test\shadow</Filter>
    </ClInclude>
    <ClInclude Include="test\3d\motion_window.h">
      <Filter>test\3d</Filter>
    </ClInclude>
    <ClInclude Include="disassembler\code_data_provider.h">
      <Filter>disassembler</Filter>
    </ClInclude>
    <ClInclude Include="disassembler\debugger.h">
      <Filter>disassembler</Filter>
    </ClInclude>
    <ClInclude Include="disassembler\intel_instruction_params.h">
      <Filter>disassembler</Filter>
    </ClInclude>
    <ClInclude Include="disassembler\intel_instructions.h">
      <Filter>disassembler</Filter>
    </ClInclude>
    <ClInclude Include="disassembler\opcode_list_adapter.h">
      <Filter>disassembler</Filter>
    </ClInclude>
    <ClInclude Include="disassembler\opcode_map.h">
      <Filter>disassembler</Filter>
    </ClInclude>
    <ClInclude Include="disassembler\pe_file.h">
      <Filter>disassembler</Filter>
    </ClInclude>
    <ClInclude Include="disassembler\disassembler_window.h">
      <Filter>disassembler</Filter>
    </ClInclude>
    <ClInclude Include="test\security\crypto_unit_test.h">
      <Filter>test\security</Filter>
    </ClInclude>
    <ClInclude Include="test\security\digest_unit_test.h">
      <Filter>test\security</Filter>
    </ClInclude>
    <ClInclude Include="test\utils\big_integer_unit_test.h">
      <Filter>test\utils</Filter>
    </ClInclude>
    <ClInclude Include="test\utils\json_unit_test.h">
      <Filter>test\utils</Filter>
    </ClInclude>
    <ClInclude Include="cyroneno\cyroneno_window.h">
      <Filter>cyroneno</Filter>
    </ClInclude>
    <ClInclude Include="cyroneno\color.h">
      <Filter>cyroneno</Filter>
    </ClInclude>
    <ClInclude Include="cyroneno\image.h">
      <Filter>cyroneno</Filter>
    </ClInclude>
    <ClInclude Include="cyroneno\matrix.h">
      <Filter>cyroneno</Filter>
    </ClInclude>
    <ClInclude Include="cyroneno\vector.h">
      <Filter>cyroneno</Filter>
    </ClInclude>
    <ClInclude Include="cyroneno\point.h">
      <Filter>cyroneno</Filter>
    </ClInclude>
    <ClInclude Include="cyroneno\equations.h">
      <Filter>cyroneno</Filter>
    </ClInclude>
    <ClInclude Include="cyroneno\box.h">
      <Filter>cyroneno</Filter>
    </ClInclude>
    <ClInclude Include="cyroneno\pipeline\pipeline.h">
      <Filter>cyroneno\pipeline</Filter>
    </ClInclude>
    <ClInclude Include="cyroneno\text\opentype\opentype_common.h">
      <Filter>cyroneno\text\opentype</Filter>
    </ClInclude>
    <ClInclude Include="cyroneno\text\opentype\opentype_font.h">
      <Filter>cyroneno\text\opentype</Filter>
    </ClInclude>
    <ClInclude Include="cyroneno\text\opentype\opentype_rasterizer.h">
      <Filter>cyroneno\text\opentype</Filter>
    </ClInclude>
    <ClInclude Include="cyroneno\text\opentype\opentype_tables.h">
      <Filter>cyroneno\text\opentype</Filter>
    </ClInclude>
    <ClInclude Include="cyroneno\text\opentype\tables\cmap.h">
      <Filter>cyroneno\text\opentype\tables</Filter>
    </ClInclude>
    <ClInclude Include="cyroneno\text\opentype\tables\glyf.h">
      <Filter>cyroneno\text\opentype\tables</Filter>
    </ClInclude>
    <ClInclude Include="cyroneno\text\opentype\tables\head.h">
      <Filter>cyroneno\text\opentype\tables</Filter>
    </ClInclude>
    <ClInclude Include="cyroneno\text\opentype\tables\loca.h">
      <Filter>cyroneno\text\opentype\tables</Filter>
    </ClInclude>
    <ClInclude Include="cyroneno\text\opentype\tables\maxp.h">
      <Filter>cyroneno\text\opentype\tables</Filter>
    </ClInclude>
    <ClInclude Include="cyroneno\text\opentype\tt_instructions\graphics_state.h">
      <Filter>cyroneno\text\opentype\tt_instruction</Filter>
    </ClInclude>
    <ClInclude Include="cyroneno\text\opentype\tt_instructions\tti_interpreter.h">
      <Filter>cyroneno\text\opentype\tt_instruction</Filter>
    </ClInclude>
    <ClInclude Include="cyroneno\text\opentype\tt_instructions\opcode_map.h">
      <Filter>cyroneno\text\opentype\tt_instruction</Filter>
    </ClInclude>
    <ClInclude Include="cyroneno\text\opentype\tables\cvt.h">
      <Filter>cyroneno\text\opentype\tables</Filter>
    </ClInclude>
    <ClInclude Include="cyroneno\ray_tracer\ray_tracer.h">
      <Filter>cyroneno\ray_tracer</Filter>
    </ClInclude>
    <ClInclude Include="cyroneno\ray_tracer\ray_tracer_structs.h">
      <Filter>cyroneno\ray_tracer</Filter>
    </ClInclude>
    <ClInclude Include="cyroneno\ray_tracer\scene.h">
      <Filter>cyroneno\ray_tracer</Filter>
    </ClInclude>
    <ClInclude Include="cyroneno\ray_tracer\surface.h">
      <Filter>cyroneno\ray_tracer</Filter>
    </ClInclude>
    <ClInclude Include="cyroneno\rasterizer\rasterizer.h">
      <Filter>cyroneno\rasterizer</Filter>
    </ClInclude>
    <ClInclude Include="cyroneno\rasterizer\common.h">
      <Filter>cyroneno\rasterizer</Filter>
    </ClInclude>
    <ClInclude Include="cyroneno\rasterizer\point_rz.h">
      <Filter>cyroneno\rasterizer</Filter>
    </ClInclude>
    <ClInclude Include="cyroneno\rasterizer\line_rz.h">
      <Filter>cyroneno\rasterizer</Filter>
    </ClInclude>
    <ClInclude Include="cyroneno\rasterizer\circle_rz.h">
      <Filter>cyroneno\rasterizer</Filter>
    </ClInclude>
    <ClInclude Include="cyroneno\rasterizer\triangle_rz.h">
      <Filter>cyroneno\rasterizer</Filter>
    </ClInclude>
    <ClInclude Include="cyroneno\rasterizer\bezier_quad_rz.h">
      <Filter>cyroneno\rasterizer</Filter>
    </ClInclude>
    <ClInclude Include="cyroneno\rasterizer\bezier_cubic_rz.h">
      <Filter>cyroneno\rasterizer</Filter>
    </ClInclude>
  </ItemGroup>
  <ItemGroup>
    <Image Include="resources\shell.ico">
      <Filter>resources</Filter>
    </Image>
    <Image Include="resources\small.ico">
      <Filter>resources</Filter>
    </Image>
  </ItemGroup>
  <ItemGroup>
    <ResourceCompile Include="resources\shell.rc">
      <Filter>resources</Filter>
    </ResourceCompile>
  </ItemGroup>
  <ItemGroup>
    <FxCompile Include="hlsl\assist_pixel_shader.hlsl">
      <Filter>hlsl</Filter>
    </FxCompile>
    <FxCompile Include="hlsl\assist_vertex_shader.hlsl">
      <Filter>hlsl</Filter>
    </FxCompile>
    <FxCompile Include="hlsl\model_pixel_shader.hlsl">
      <Filter>hlsl</Filter>
    </FxCompile>
    <FxCompile Include="hlsl\model_vertex_shader.hlsl">
      <Filter>hlsl</Filter>
    </FxCompile>
    <FxCompile Include="hlsl\terrain_pixel_shader.hlsl">
      <Filter>hlsl</Filter>
    </FxCompile>
    <FxCompile Include="hlsl\terrain_vertex_shader.hlsl">
      <Filter>hlsl</Filter>
    </FxCompile>
  </ItemGroup>
  <ItemGroup>
    <Manifest Include="application.manifest" />
  </ItemGroup>
  <ItemGroup>
    <Xml Include="resources\layout\test_window_group_layout.xml">
      <Filter>resources\layout</Filter>
    </Xml>
    <Xml Include="resources\layout\test_window_list_layout.xml">
      <Filter>resources\layout</Filter>
    </Xml>
    <Xml Include="resources\layout\cyroneno_layout.xml">
      <Filter>resources\layout</Filter>
    </Xml>
  </ItemGroup>
</Project>