<?xml version="1.0" encoding="utf-8"?>
<Project ToolsVersion="4.0" xmlns="http://schemas.microsoft.com/developer/msbuild/2003">
  <ItemGroup>
    <Filter Include="resources">
      <UniqueIdentifier>{67DA6AB6-F800-4c08-8B7A-83BB121AAD01}</UniqueIdentifier>
      <Extensions>rc;ico;cur;bmp;dlg;rc2;rct;bin;rgs;gif;jpg;jpeg;jpe;resx;tiff;tif;png;wav;mfcribbon-ms</Extensions>
    </Filter>
    <Filter Include="app">
      <UniqueIdentifier>{24b177a4-4f3e-49b8-ad07-7bb24754e535}</UniqueIdentifier>
    </Filter>
    <Filter Include="direct3d">
      <UniqueIdentifier>{7dd33a9b-350b-4b87-97bf-769eb2c413aa}</UniqueIdentifier>
    </Filter>
    <Filter Include="lod">
      <UniqueIdentifier>{1ec5d5e9-1489-4b0d-b497-18b4c1265263}</UniqueIdentifier>
    </Filter>
    <Filter Include="test">
      <UniqueIdentifier>{85416839-049c-4ac3-b33b-0be914185b88}</UniqueIdentifier>
    </Filter>
    <Filter Include="test\text">
      <UniqueIdentifier>{a14e5f98-daee-48f7-b6f7-1418957559bf}</UniqueIdentifier>
    </Filter>
    <Filter Include="test\animation">
      <UniqueIdentifier>{cb9511fa-00b8-4a63-ba1c-edcd44564039}</UniqueIdentifier>
    </Filter>
    <Filter Include="test\frame">
      <UniqueIdentifier>{81606cc2-d6ba-443f-bc80-f6bd46587920}</UniqueIdentifier>
    </Filter>
    <Filter Include="hlsl">
      <UniqueIdentifier>{f3064276-b2e5-4abd-817d-690205a3563d}</UniqueIdentifier>
    </Filter>
    <Filter Include="test\list">
      <UniqueIdentifier>{6fac98bf-1c33-4738-85f6-95d1af0587b6}</UniqueIdentifier>
    </Filter>
    <Filter Include="test\bitmap_research">
      <UniqueIdentifier>{e7a193cc-b2d1-4016-8d7a-3523627dd8ec}</UniqueIdentifier>
    </Filter>
    <Filter Include="test\emulator">
      <UniqueIdentifier>{a8ecb2be-23d0-45b0-bca9-34a710e22936}</UniqueIdentifier>
    </Filter>
    <Filter Include="test\shadow">
      <UniqueIdentifier>{76bae05f-bc9e-473a-8b84-cae5f471b311}</UniqueIdentifier>
    </Filter>
  </ItemGroup>
  <ItemGroup>
    <ClCompile Include="app\shell.cpp">
      <Filter>app</Filter>
    </ClCompile>
    <ClCompile Include="direct3d\assist_configure.cpp">
      <Filter>direct3d</Filter>
    </ClCompile>
    <ClCompile Include="direct3d\model_configure.cpp">
      <Filter>direct3d</Filter>
    </ClCompile>
    <ClCompile Include="test\frame\custom_non_client_frame.cpp">
      <Filter>test\frame</Filter>
    </ClCompile>
    <ClCompile Include="lod\lod_window.cpp">
      <Filter>lod</Filter>
    </ClCompile>
    <ClCompile Include="lod\qtree_node.cpp">
      <Filter>lod</Filter>
    </ClCompile>
    <ClCompile Include="lod\terrain_scene.cpp">
      <Filter>lod</Filter>
    </ClCompile>
    <ClCompile Include="lod\lod_generator.cpp">
      <Filter>lod</Filter>
    </ClCompile>
    <ClCompile Include="test\test_window.cpp">
      <Filter>test</Filter>
    </ClCompile>
    <ClCompile Include="test\text\text_window.cpp">
      <Filter>test\text</Filter>
    </ClCompile>
    <ClCompile Include="test\animation\wallpaper_effect.cpp">
      <Filter>test\animation</Filter>
    </ClCompile>
    <ClCompile Include="test\animation\wallpaper_transform.cpp">
      <Filter>test\animation</Filter>
    </ClCompile>
    <ClCompile Include="test\animation\wallpaper_window.cpp">
      <Filter>test\animation</Filter>
    </ClCompile>
    <ClCompile Include="lod\terrain_configure.cpp">
      <Filter>lod</Filter>
    </ClCompile>
    <ClCompile Include="test\list\test_adapter.cpp">
      <Filter>test\list</Filter>
    </ClCompile>
    <ClCompile Include="test\bitmap_research\bitmap_dump_view.cpp">
      <Filter>test\bitmap_research</Filter>
    </ClCompile>
    <ClCompile Include="test\bitmap_research\bitmap_research_window.cpp">
      <Filter>test\bitmap_research</Filter>
    </ClCompile>
    <ClCompile Include="test\emulator\emulator_view.cpp">
      <Filter>test\emulator</Filter>
    </ClCompile>
    <ClCompile Include="test\emulator\emulator_window.cpp">
      <Filter>test\emulator</Filter>
    </ClCompile>
    <ClCompile Include="direct3d\camera.cpp">
      <Filter>direct3d</Filter>
    </ClCompile>
    <ClCompile Include="direct3d\graph_creator.cpp">
      <Filter>direct3d</Filter>
    </ClCompile>
    <ClCompile Include="test\shadow\shadow_effect.cpp">
      <Filter>test\shadow</Filter>
    </ClCompile>
    <ClCompile Include="test\shadow\shadow_transform.cpp">
      <Filter>test\shadow</Filter>
    </ClCompile>
    <ClCompile Include="test\shadow\shadow_window.cpp">
      <Filter>test\shadow</Filter>
    </ClCompile>
  </ItemGroup>
  <ItemGroup>
    <Manifest Include="DeclareDPIAware.manifest" />
  </ItemGroup>
  <ItemGroup>
    <ClInclude Include="resources\resource.h">
      <Filter>resources</Filter>
    </ClInclude>
    <ClInclude Include="direct3d\assist_configure.h">
      <Filter>direct3d</Filter>
    </ClInclude>
    <ClInclude Include="direct3d\model_configure.h">
      <Filter>direct3d</Filter>
    </ClInclude>
    <ClInclude Include="test\frame\custom_non_client_frame.h">
      <Filter>test\frame</Filter>
    </ClInclude>
    <ClInclude Include="lod\lod_window.h">
      <Filter>lod</Filter>
    </ClInclude>
    <ClInclude Include="lod\qtree_node.h">
      <Filter>lod</Filter>
    </ClInclude>
    <ClInclude Include="lod\terrain_scene.h">
      <Filter>lod</Filter>
    </ClInclude>
    <ClInclude Include="lod\lod_generator.h">
      <Filter>lod</Filter>
    </ClInclude>
    <ClInclude Include="test\test_window.h">
      <Filter>test</Filter>
    </ClInclude>
    <ClInclude Include="test\text\text_window.h">
      <Filter>test\text</Filter>
    </ClInclude>
    <ClInclude Include="test\animation\wallpaper_effect.h">
      <Filter>test\animation</Filter>
    </ClInclude>
    <ClInclude Include="test\animation\wallpaper_transform.h">
      <Filter>test\animation</Filter>
    </ClInclude>
    <ClInclude Include="test\animation\wallpaper_window.h">
      <Filter>test\animation</Filter>
    </ClInclude>
    <ClInclude Include="lod\terrain_configure.h">
      <Filter>lod</Filter>
    </ClInclude>
    <ClInclude Include="test\list\test_adapter.h">
      <Filter>test\list</Filter>
    </ClInclude>
    <ClInclude Include="test\bitmap_research\bitmap_dump_view.h">
      <Filter>test\bitmap_research</Filter>
    </ClInclude>
    <ClInclude Include="test\bitmap_research\bitmap_research_window.h">
      <Filter>test\bitmap_research</Filter>
    </ClInclude>
    <ClInclude Include="test\emulator\emulator_view.h">
      <Filter>test\emulator</Filter>
    </ClInclude>
    <ClInclude Include="test\emulator\emulator_window.h">
      <Filter>test\emulator</Filter>
    </ClInclude>
    <ClInclude Include="direct3d\camera.h">
      <Filter>direct3d</Filter>
    </ClInclude>
    <ClInclude Include="direct3d\graph_creator.h">
      <Filter>direct3d</Filter>
    </ClInclude>
    <ClInclude Include="test\shadow\shadow_effect.h">
      <Filter>test\shadow</Filter>
    </ClInclude>
    <ClInclude Include="test\shadow\shadow_transform.h">
      <Filter>test\shadow</Filter>
    </ClInclude>
    <ClInclude Include="test\shadow\shadow_window.h">
      <Filter>test\shadow</Filter>
    </ClInclude>
  </ItemGroup>
  <ItemGroup>
    <Image Include="resources\shell.ico">
      <Filter>resources</Filter>
    </Image>
    <Image Include="resources\small.ico">
      <Filter>resources</Filter>
    </Image>
  </ItemGroup>
  <ItemGroup>
    <ResourceCompile Include="resources\shell.rc">
      <Filter>resources</Filter>
    </ResourceCompile>
  </ItemGroup>
  <ItemGroup>
    <Xml Include="test\animation\wallpaper_props.xml">
      <Filter>test\animation</Filter>
    </Xml>
    <Xml Include="test\shadow\shadow_props.xml">
      <Filter>test\shadow</Filter>
    </Xml>
  </ItemGroup>
  <ItemGroup>
    <FxCompile Include="hlsl\assist_pixel_shader.hlsl">
      <Filter>hlsl</Filter>
    </FxCompile>
    <FxCompile Include="hlsl\assist_vertex_shader.hlsl">
      <Filter>hlsl</Filter>
    </FxCompile>
    <FxCompile Include="hlsl\model_pixel_shader.hlsl">
      <Filter>hlsl</Filter>
    </FxCompile>
    <FxCompile Include="hlsl\model_vertex_shader.hlsl">
      <Filter>hlsl</Filter>
    </FxCompile>
    <FxCompile Include="hlsl\terrain_pixel_shader.hlsl">
      <Filter>hlsl</Filter>
    </FxCompile>
    <FxCompile Include="hlsl\terrain_vertex_shader.hlsl">
      <Filter>hlsl</Filter>
    </FxCompile>
    <FxCompile Include="hlsl\wallpaper_pixel_shader.hlsl">
      <Filter>hlsl</Filter>
    </FxCompile>
    <FxCompile Include="hlsl\shadow_pixel_shader.hlsl">
      <Filter>hlsl</Filter>
    </FxCompile>
  </ItemGroup>
</Project>