<?xml version="1.0" encoding="utf-8"?>
<Project ToolsVersion="4.0" xmlns="http://schemas.microsoft.com/developer/msbuild/2003">
  <ItemGroup>
    <ClCompile Include="application.cpp" />
    <ClCompile Include="window\window_impl.cpp">
      <Filter>window</Filter>
    </ClCompile>
    <ClCompile Include="window\window.cpp">
      <Filter>window</Filter>
    </ClCompile>
    <ClCompile Include="log.cpp" />
    <ClCompile Include="utils\string_utils.cpp">
      <Filter>utils</Filter>
    </ClCompile>
    <ClCompile Include="window\window_class_manager.cpp">
      <Filter>window</Filter>
    </ClCompile>
    <ClCompile Include="window\window_manager.cpp">
      <Filter>window</Filter>
    </ClCompile>
    <ClCompile Include="graphics\graphic_device_manager.cpp">
      <Filter>graphics</Filter>
    </ClCompile>
    <ClCompile Include="window\frame\default_non_client_frame.cpp">
      <Filter>window\frame</Filter>
    </ClCompile>
    <ClCompile Include="event\input_event.cpp">
      <Filter>event</Filter>
    </ClCompile>
    <ClCompile Include="graphics\canvas.cpp">
      <Filter>graphics</Filter>
    </ClCompile>
    <ClCompile Include="graphics\color.cpp">
      <Filter>graphics</Filter>
    </ClCompile>
    <ClCompile Include="utils\double.cpp">
      <Filter>utils</Filter>
    </ClCompile>
    <ClCompile Include="utils\float.cpp">
      <Filter>utils</Filter>
    </ClCompile>
    <ClCompile Include="utils\number.cpp">
      <Filter>utils</Filter>
    </ClCompile>
    <ClCompile Include="graphics\wic_manager.cpp">
      <Filter>graphics</Filter>
    </ClCompile>
    <ClCompile Include="system\clipboard_manager.cpp">
      <Filter>system</Filter>
    </ClCompile>
    <ClCompile Include="graphics\bitmap_factory.cpp">
      <Filter>graphics</Filter>
    </ClCompile>
    <ClCompile Include="graphics\renderer.cpp">
      <Filter>graphics</Filter>
    </ClCompile>
    <ClCompile Include="message\cycler.cpp">
      <Filter>message</Filter>
    </ClCompile>
    <ClCompile Include="message\message.cpp">
      <Filter>message</Filter>
    </ClCompile>
    <ClCompile Include="message\message_looper.cpp">
      <Filter>message</Filter>
    </ClCompile>
    <ClCompile Include="message\message_queue.cpp">
      <Filter>message</Filter>
    </ClCompile>
    <ClCompile Include="animation\scroller.cpp">
      <Filter>animation</Filter>
    </ClCompile>
    <ClCompile Include="animation\view_animator.cpp">
      <Filter>animation</Filter>
    </ClCompile>
    <ClCompile Include="text\editable.cpp">
      <Filter>text</Filter>
    </ClCompile>
    <ClCompile Include="text\input_connection.cpp">
      <Filter>text</Filter>
    </ClCompile>
    <ClCompile Include="text\text_action_mode.cpp">
      <Filter>text</Filter>
    </ClCompile>
    <ClCompile Include="text\text_blink.cpp">
      <Filter>text</Filter>
    </ClCompile>
    <ClCompile Include="text\text_drawing_effect.cpp">
      <Filter>text</Filter>
    </ClCompile>
    <ClCompile Include="text\text_key_listener.cpp">
      <Filter>text</Filter>
    </ClCompile>
    <ClCompile Include="text\text_renderer.cpp">
      <Filter>text</Filter>
    </ClCompile>
    <ClCompile Include="text\tsf_editor.cpp">
      <Filter>text</Filter>
    </ClCompile>
    <ClCompile Include="text\tsf_manager.cpp">
      <Filter>text</Filter>
    </ClCompile>
    <ClCompile Include="text\word_breaker.cpp">
      <Filter>text</Filter>
    </ClCompile>
    <ClCompile Include="text\span\effect_span.cpp">
      <Filter>text\span</Filter>
    </ClCompile>
    <ClCompile Include="text\span\inline_object_span.cpp">
      <Filter>text\span</Filter>
    </ClCompile>
    <ClCompile Include="text\span\interactable_span.cpp">
      <Filter>text\span</Filter>
    </ClCompile>
    <ClCompile Include="text\span\span.cpp">
      <Filter>text\span</Filter>
    </ClCompile>
    <ClCompile Include="text\span\text_span.cpp">
      <Filter>text\span</Filter>
    </ClCompile>
    <ClCompile Include="text\span\underline_span.cpp">
      <Filter>text\span</Filter>
    </ClCompile>
    <ClCompile Include="drawable\bitmap_drawable.cpp">
      <Filter>drawable</Filter>
    </ClCompile>
    <ClCompile Include="drawable\color_drawable.cpp">
      <Filter>drawable</Filter>
    </ClCompile>
    <ClCompile Include="drawable\drawable.cpp">
      <Filter>drawable</Filter>
    </ClCompile>
    <ClCompile Include="drawable\edittext_drawable.cpp">
      <Filter>drawable</Filter>
    </ClCompile>
    <ClCompile Include="drawable\layer_drawable.cpp">
      <Filter>drawable</Filter>
    </ClCompile>
    <ClCompile Include="drawable\ripple_drawable.cpp">
      <Filter>drawable</Filter>
    </ClCompile>
    <ClCompile Include="drawable\shape_drawable.cpp">
      <Filter>drawable</Filter>
    </ClCompile>
    <ClCompile Include="menu\context_menu.cpp">
      <Filter>menu</Filter>
    </ClCompile>
    <ClCompile Include="menu\inner_window.cpp">
      <Filter>menu</Filter>
    </ClCompile>
    <ClCompile Include="menu\menu_impl.cpp">
      <Filter>menu</Filter>
    </ClCompile>
    <ClCompile Include="menu\menu_item_impl.cpp">
      <Filter>menu</Filter>
    </ClCompile>
    <ClCompile Include="views\button.cpp">
      <Filter>views</Filter>
    </ClCompile>
    <ClCompile Include="views\direct3d_view.cpp">
      <Filter>views</Filter>
    </ClCompile>
    <ClCompile Include="views\image_view.cpp">
      <Filter>views</Filter>
    </ClCompile>
    <ClCompile Include="views\scroll_view.cpp">
      <Filter>views</Filter>
    </ClCompile>
    <ClCompile Include="views\seek_bar.cpp">
      <Filter>views</Filter>
    </ClCompile>
    <ClCompile Include="views\spinner_view.cpp">
      <Filter>views</Filter>
    </ClCompile>
    <ClCompile Include="views\switch_view.cpp">
      <Filter>views</Filter>
    </ClCompile>
    <ClCompile Include="views\text_view.cpp">
      <Filter>views</Filter>
    </ClCompile>
    <ClCompile Include="views\view.cpp">
      <Filter>views</Filter>
    </ClCompile>
    <ClCompile Include="views\layout\frame_layout.cpp">
      <Filter>views\layout</Filter>
    </ClCompile>
    <ClCompile Include="views\layout\layout_params.cpp">
      <Filter>views\layout</Filter>
    </ClCompile>
    <ClCompile Include="views\layout\linear_layout.cpp">
      <Filter>views\layout</Filter>
    </ClCompile>
    <ClCompile Include="views\layout\linear_layout_params.cpp">
      <Filter>views\layout</Filter>
    </ClCompile>
    <ClCompile Include="views\layout\restraint_layout.cpp">
      <Filter>views\layout</Filter>
    </ClCompile>
    <ClCompile Include="views\layout\restraint_layout_params.cpp">
      <Filter>views\layout</Filter>
    </ClCompile>
    <ClCompile Include="views\layout\view_group.cpp">
      <Filter>views\layout</Filter>
    </ClCompile>
    <ClCompile Include="graphics\rect.cpp">
      <Filter>graphics</Filter>
    </ClCompile>
    <ClCompile Include="graphics\bitmap.cpp">
      <Filter>graphics</Filter>
    </ClCompile>
    <ClCompile Include="views\list\list_adapter.cpp">
      <Filter>views\list</Filter>
    </ClCompile>
    <ClCompile Include="views\list\list_view.cpp">
      <Filter>views\list</Filter>
    </ClCompile>
    <ClCompile Include="utils\stl_utils.cpp">
      <Filter>utils</Filter>
    </ClCompile>
    <ClCompile Include="graphics\matrix.cpp">
      <Filter>graphics</Filter>
    </ClCompile>
    <ClCompile Include="graphics\cursor.cpp">
      <Filter>graphics</Filter>
    </ClCompile>
    <ClCompile Include="graphics\direct3d\scene.cpp">
      <Filter>graphics\direct3d</Filter>
    </ClCompile>
    <ClCompile Include="graphics\direct3d\space.cpp">
      <Filter>graphics\direct3d</Filter>
    </ClCompile>
    <ClCompile Include="views\list\view_holder_recycler.cpp">
      <Filter>views\list</Filter>
    </ClCompile>
    <ClCompile Include="views\list\overlay_scroll_bar.cpp">
      <Filter>views\list</Filter>
    </ClCompile>
    <ClCompile Include="graphics\point.cpp">
      <Filter>graphics</Filter>
    </ClCompile>
    <ClCompile Include="graphics\direct3d\drawing_object_manager.cpp">
      <Filter>graphics\direct3d</Filter>
    </ClCompile>
    <ClCompile Include="graphics\direct3d\effects\shadow_effect.cpp">
      <Filter>graphics\direct3d\effects</Filter>
    </ClCompile>
    <ClCompile Include="views\layout\root_layout.cpp">
      <Filter>views\layout</Filter>
    </ClCompile>
    <ClCompile Include="views\layout\root_layout_params.cpp">
      <Filter>views\layout</Filter>
    </ClCompile>
    <ClCompile Include="system\time_utils.cpp">
      <Filter>system</Filter>
    </ClCompile>
    <ClCompile Include="system\qpc_service.cpp">
      <Filter>system</Filter>
    </ClCompile>
    <ClCompile Include="views\debug_view.cpp">
      <Filter>views</Filter>
    </ClCompile>
    <ClCompile Include="graphics\rendering_command_list.cpp">
      <Filter>graphics</Filter>
    </ClCompile>
    <ClCompile Include="graphics\paint.cpp">
      <Filter>graphics</Filter>
    </ClCompile>
    <ClCompile Include="graphics\geometry.cpp">
      <Filter>graphics</Filter>
    </ClCompile>
    <ClCompile Include="graphics\render_node\render_node.cpp">
      <Filter>graphics\render_node</Filter>
    </ClCompile>
    <ClCompile Include="graphics\render_node\render_tree.cpp">
      <Filter>graphics\render_node</Filter>
    </ClCompile>
    <ClCompile Include="window\frame\drawable_non_client_frame.cpp">
      <Filter>window\frame</Filter>
    </ClCompile>
    <ClCompile Include="views\layout\non_client_layout.cpp">
      <Filter>views\layout</Filter>
    </ClCompile>
    <ClCompile Include="utils\event_handler.h">
      <Filter>utils</Filter>
    </ClCompile>
    <ClCompile Include="system\reg_manager.cpp">
      <Filter>system</Filter>
    </ClCompile>
    <ClCompile Include="files\file.cpp">
      <Filter>files</Filter>
    </ClCompile>
    <ClCompile Include="utils\unicode.cpp">
      <Filter>utils</Filter>
    </ClCompile>
    <ClCompile Include="drawable\check_drawable.cpp">
      <Filter>drawable</Filter>
    </ClCompile>
    <ClCompile Include="views\check_box.cpp">
      <Filter>views</Filter>
    </ClCompile>
    <ClCompile Include="graphics\vector2.cpp">
      <Filter>graphics</Filter>
    </ClCompile>
    <ClCompile Include="views\list\grid_list_layouter.cpp">
      <Filter>views\list</Filter>
    </ClCompile>
    <ClCompile Include="views\list\linear_list_layouter.cpp">
      <Filter>views\list</Filter>
    </ClCompile>
    <ClCompile Include="views\list\list_structs.cpp">
      <Filter>views\list</Filter>
    </ClCompile>
    <ClCompile Include="views\title_bar\title_bar.cpp">
      <Filter>views\title_bar</Filter>
    </ClCompile>
    <ClCompile Include="views\chart_view.cpp">
      <Filter>views</Filter>
    </ClCompile>
    <ClCompile Include="utils\dynamic_windows_api.cpp">
      <Filter>utils</Filter>
    </ClCompile>
    <ClCompile Include="utils\win10_version.cpp">
      <Filter>utils</Filter>
    </ClCompile>
    <ClCompile Include="utils\xml\xml_parser.cpp">
      <Filter>utils\xml</Filter>
    </ClCompile>
    <ClCompile Include="utils\xml\xml_writer.cpp">
      <Filter>utils\xml</Filter>
    </ClCompile>
    <ClCompile Include="utils\xml\xml_structs.cpp">
      <Filter>utils\xml</Filter>
    </ClCompile>
    <ClCompile Include="resources\layout_instantiator.cpp">
      <Filter>resources</Filter>
    </ClCompile>
    <ClCompile Include="utils\xml\xml_pedometer.cpp">
      <Filter>utils\xml</Filter>
    </ClCompile>
    <ClCompile Include="resources\dimension_utils.cpp">
      <Filter>resources</Filter>
    </ClCompile>
    <ClCompile Include="animation\timer.cpp">
      <Filter>animation</Filter>
    </ClCompile>
    <ClCompile Include="animation\interpolator.cpp">
      <Filter>animation</Filter>
    </ClCompile>
    <ClCompile Include="animation\animation_director.cpp">
      <Filter>animation</Filter>
    </ClCompile>
    <ClCompile Include="animation\animator.cpp">
      <Filter>animation</Filter>
    </ClCompile>
    <ClCompile Include="net\http_client.cpp">
      <Filter>net</Filter>
    </ClCompile>
    <ClCompile Include="net\tls.cpp">
      <Filter>net</Filter>
    </ClCompile>
    <ClCompile Include="security\digest\md5.cpp">
      <Filter>security\digest</Filter>
    </ClCompile>
    <ClCompile Include="security\crypto\aes.cpp">
      <Filter>security\crypto</Filter>
    </ClCompile>
    <ClCompile Include="security\crypto\rsa.cpp">
      <Filter>security\crypto</Filter>
    </ClCompile>
    <ClCompile Include="security\digest\sha1.cpp">
      <Filter>security\digest</Filter>
    </ClCompile>
    <ClCompile Include="security\digest\sha224.cpp">
      <Filter>security\digest</Filter>
    </ClCompile>
    <ClCompile Include="security\digest\sha256.cpp">
      <Filter>security\digest</Filter>
    </ClCompile>
    <ClCompile Include="security\digest\sha384.cpp">
      <Filter>security\digest</Filter>
    </ClCompile>
    <ClCompile Include="security\digest\sha512.cpp">
      <Filter>security\digest</Filter>
    </ClCompile>
    <ClCompile Include="security\digest\usha.cpp">
      <Filter>security\digest</Filter>
    </ClCompile>
    <ClCompile Include="security\digest\hmac.cpp">
      <Filter>security\digest</Filter>
    </ClCompile>
    <ClCompile Include="security\digest\hkdf.cpp">
      <Filter>security\digest</Filter>
    </ClCompile>
    <ClCompile Include="net\socket.cpp">
      <Filter>net</Filter>
    </ClCompile>
    <ClCompile Include="utils\big_integer\big_integer.cpp">
      <Filter>utils\big_integer</Filter>
    </ClCompile>
    <ClCompile Include="utils\big_integer\int_array.cpp">
      <Filter>utils\big_integer</Filter>
    </ClCompile>
  </ItemGroup>
  <ItemGroup>
    <ClInclude Include="application.h" />
    <ClInclude Include="window\window_impl.h">
      <Filter>window</Filter>
    </ClInclude>
    <ClInclude Include="window\window.h">
      <Filter>window</Filter>
    </ClInclude>
    <ClInclude Include="log.h" />
    <ClInclude Include="utils\string_utils.h">
      <Filter>utils</Filter>
    </ClInclude>
    <ClInclude Include="window\window_class_manager.h">
      <Filter>window</Filter>
    </ClInclude>
    <ClInclude Include="window\window_manager.h">
      <Filter>window</Filter>
    </ClInclude>
    <ClInclude Include="graphics\graphic_device_manager.h">
      <Filter>graphics</Filter>
    </ClInclude>
    <ClInclude Include="window\frame\default_non_client_frame.h">
      <Filter>window\frame</Filter>
    </ClInclude>
    <ClInclude Include="window\frame\non_client_frame.h">
      <Filter>window\frame</Filter>
    </ClInclude>
    <ClInclude Include="utils\com_ptr.h">
      <Filter>utils</Filter>
    </ClInclude>
    <ClInclude Include="event\input_event.h">
      <Filter>event</Filter>
    </ClInclude>
    <ClInclude Include="graphics\canvas.h">
      <Filter>graphics</Filter>
    </ClInclude>
    <ClInclude Include="graphics\color.h">
      <Filter>graphics</Filter>
    </ClInclude>
    <ClInclude Include="utils\double.h">
      <Filter>utils</Filter>
    </ClInclude>
    <ClInclude Include="utils\float.h">
      <Filter>utils</Filter>
    </ClInclude>
    <ClInclude Include="utils\number.h">
      <Filter>utils</Filter>
    </ClInclude>
    <ClInclude Include="graphics\wic_manager.h">
      <Filter>graphics</Filter>
    </ClInclude>
    <ClInclude Include="system\clipboard_manager.h">
      <Filter>system</Filter>
    </ClInclude>
    <ClInclude Include="graphics\bitmap_factory.h">
      <Filter>graphics</Filter>
    </ClInclude>
    <ClInclude Include="graphics\renderer.h">
      <Filter>graphics</Filter>
    </ClInclude>
    <ClInclude Include="message\cycler.h">
      <Filter>message</Filter>
    </ClInclude>
    <ClInclude Include="message\message.h">
      <Filter>message</Filter>
    </ClInclude>
    <ClInclude Include="message\message_looper.h">
      <Filter>message</Filter>
    </ClInclude>
    <ClInclude Include="message\message_queue.h">
      <Filter>message</Filter>
    </ClInclude>
    <ClInclude Include="utils\executable.h">
      <Filter>utils</Filter>
    </ClInclude>
    <ClInclude Include="graphics\device_lost_notifier.h">
      <Filter>graphics</Filter>
    </ClInclude>
    <ClInclude Include="graphics\swapchain_resize_notifier.h">
      <Filter>graphics</Filter>
    </ClInclude>
    <ClInclude Include="animation\scroller.h">
      <Filter>animation</Filter>
    </ClInclude>
    <ClInclude Include="animation\view_animator.h">
      <Filter>animation</Filter>
    </ClInclude>
    <ClInclude Include="text\editable.h">
      <Filter>text</Filter>
    </ClInclude>
    <ClInclude Include="text\input_connection.h">
      <Filter>text</Filter>
    </ClInclude>
    <ClInclude Include="text\text_action_mode.h">
      <Filter>text</Filter>
    </ClInclude>
    <ClInclude Include="text\text_action_mode_callback.h">
      <Filter>text</Filter>
    </ClInclude>
    <ClInclude Include="text\text_blink.h">
      <Filter>text</Filter>
    </ClInclude>
    <ClInclude Include="text\text_drawing_effect.h">
      <Filter>text</Filter>
    </ClInclude>
    <ClInclude Include="text\text_key_listener.h">
      <Filter>text</Filter>
    </ClInclude>
    <ClInclude Include="text\text_renderer.h">
      <Filter>text</Filter>
    </ClInclude>
    <ClInclude Include="text\tsf_editor.h">
      <Filter>text</Filter>
    </ClInclude>
    <ClInclude Include="text\tsf_manager.h">
      <Filter>text</Filter>
    </ClInclude>
    <ClInclude Include="text\word_breaker.h">
      <Filter>text</Filter>
    </ClInclude>
    <ClInclude Include="text\span\effect_span.h">
      <Filter>text\span</Filter>
    </ClInclude>
    <ClInclude Include="text\span\inline_object_span.h">
      <Filter>text\span</Filter>
    </ClInclude>
    <ClInclude Include="text\span\interactable_span.h">
      <Filter>text\span</Filter>
    </ClInclude>
    <ClInclude Include="text\span\span.h">
      <Filter>text\span</Filter>
    </ClInclude>
    <ClInclude Include="text\span\text_span.h">
      <Filter>text\span</Filter>
    </ClInclude>
    <ClInclude Include="text\span\underline_span.h">
      <Filter>text\span</Filter>
    </ClInclude>
    <ClInclude Include="drawable\bitmap_drawable.h">
      <Filter>drawable</Filter>
    </ClInclude>
    <ClInclude Include="drawable\color_drawable.h">
      <Filter>drawable</Filter>
    </ClInclude>
    <ClInclude Include="drawable\drawable.h">
      <Filter>drawable</Filter>
    </ClInclude>
    <ClInclude Include="drawable\edittext_drawable.h">
      <Filter>drawable</Filter>
    </ClInclude>
    <ClInclude Include="drawable\layer_drawable.h">
      <Filter>drawable</Filter>
    </ClInclude>
    <ClInclude Include="drawable\ripple_drawable.h">
      <Filter>drawable</Filter>
    </ClInclude>
    <ClInclude Include="drawable\shape_drawable.h">
      <Filter>drawable</Filter>
    </ClInclude>
    <ClInclude Include="menu\context_menu.h">
      <Filter>menu</Filter>
    </ClInclude>
    <ClInclude Include="menu\context_menu_callback.h">
      <Filter>menu</Filter>
    </ClInclude>
    <ClInclude Include="menu\inner_window.h">
      <Filter>menu</Filter>
    </ClInclude>
    <ClInclude Include="menu\menu.h">
      <Filter>menu</Filter>
    </ClInclude>
    <ClInclude Include="menu\menu_callback.h">
      <Filter>menu</Filter>
    </ClInclude>
    <ClInclude Include="menu\menu_impl.h">
      <Filter>menu</Filter>
    </ClInclude>
    <ClInclude Include="menu\menu_item.h">
      <Filter>menu</Filter>
    </ClInclude>
    <ClInclude Include="menu\menu_item_impl.h">
      <Filter>menu</Filter>
    </ClInclude>
    <ClInclude Include="views\button.h">
      <Filter>views</Filter>
    </ClInclude>
    <ClInclude Include="views\click_listener.h">
      <Filter>views</Filter>
    </ClInclude>
    <ClInclude Include="views\direct3d_view.h">
      <Filter>views</Filter>
    </ClInclude>
    <ClInclude Include="views\image_view.h">
      <Filter>views</Filter>
    </ClInclude>
    <ClInclude Include="views\scroll_view.h">
      <Filter>views</Filter>
    </ClInclude>
    <ClInclude Include="views\seek_bar.h">
      <Filter>views</Filter>
    </ClInclude>
    <ClInclude Include="views\seek_value_changed_listener.h">
      <Filter>views</Filter>
    </ClInclude>
    <ClInclude Include="views\spinner_view.h">
      <Filter>views</Filter>
    </ClInclude>
    <ClInclude Include="views\switch_view.h">
      <Filter>views</Filter>
    </ClInclude>
    <ClInclude Include="views\text_view.h">
      <Filter>views</Filter>
    </ClInclude>
    <ClInclude Include="views\view.h">
      <Filter>views</Filter>
    </ClInclude>
    <ClInclude Include="views\layout\frame_layout.h">
      <Filter>views\layout</Filter>
    </ClInclude>
    <ClInclude Include="views\layout\layout_params.h">
      <Filter>views\layout</Filter>
    </ClInclude>
    <ClInclude Include="views\layout\linear_layout.h">
      <Filter>views\layout</Filter>
    </ClInclude>
    <ClInclude Include="views\layout\linear_layout_params.h">
      <Filter>views\layout</Filter>
    </ClInclude>
    <ClInclude Include="views\layout\restraint_layout.h">
      <Filter>views\layout</Filter>
    </ClInclude>
    <ClInclude Include="views\layout\restraint_layout_params.h">
      <Filter>views\layout</Filter>
    </ClInclude>
    <ClInclude Include="views\layout\view_group.h">
      <Filter>views\layout</Filter>
    </ClInclude>
    <ClInclude Include="graphics\rect.h">
      <Filter>graphics</Filter>
    </ClInclude>
    <ClInclude Include="graphics\bitmap.h">
      <Filter>graphics</Filter>
    </ClInclude>
    <ClInclude Include="graphics\matrix.h">
      <Filter>graphics</Filter>
    </ClInclude>
    <ClInclude Include="views\list\list_adapter.h">
      <Filter>views\list</Filter>
    </ClInclude>
    <ClInclude Include="views\list\list_view.h">
      <Filter>views\list</Filter>
    </ClInclude>
    <ClInclude Include="utils\stl_utils.h">
      <Filter>utils</Filter>
    </ClInclude>
    <ClInclude Include="graphics\cursor.h">
      <Filter>graphics</Filter>
    </ClInclude>
    <ClInclude Include="utils\weak_bind.h">
      <Filter>utils</Filter>
    </ClInclude>
    <ClInclude Include="graphics\direct3d\scene.h">
      <Filter>graphics\direct3d</Filter>
    </ClInclude>
    <ClInclude Include="graphics\direct3d\space.h">
      <Filter>graphics\direct3d</Filter>
    </ClInclude>
    <ClInclude Include="views\list\view_holder_recycler.h">
      <Filter>views\list</Filter>
    </ClInclude>
    <ClInclude Include="views\list\overlay_scroll_bar.h">
      <Filter>views\list</Filter>
    </ClInclude>
    <ClInclude Include="graphics\point.h">
      <Filter>graphics</Filter>
    </ClInclude>
    <ClInclude Include="graphics\direct3d\drawing_object_manager.h">
      <Filter>graphics\direct3d</Filter>
    </ClInclude>
    <ClInclude Include="graphics\direct3d\effects\shadow_effect.h">
      <Filter>graphics\direct3d\effects</Filter>
    </ClInclude>
    <ClInclude Include="views\layout\root_layout.h">
      <Filter>views\layout</Filter>
    </ClInclude>
    <ClInclude Include="views\layout\root_layout_params.h">
      <Filter>views\layout</Filter>
    </ClInclude>
    <ClInclude Include="system\time_utils.h">
      <Filter>system</Filter>
    </ClInclude>
    <ClInclude Include="system\qpc_service.h">
      <Filter>system</Filter>
    </ClInclude>
    <ClInclude Include="views\debug_view.h">
      <Filter>views</Filter>
    </ClInclude>
    <ClInclude Include="graphics\rendering_command_list.h">
      <Filter>graphics</Filter>
    </ClInclude>
    <ClInclude Include="graphics\paint.h">
      <Filter>graphics</Filter>
    </ClInclude>
    <ClInclude Include="graphics\geometry.h">
      <Filter>graphics</Filter>
    </ClInclude>
    <ClInclude Include="graphics\render_node\render_node.h">
      <Filter>graphics\render_node</Filter>
    </ClInclude>
    <ClInclude Include="graphics\render_node\render_tree.h">
      <Filter>graphics\render_node</Filter>
    </ClInclude>
    <ClInclude Include="window\frame\drawable_non_client_frame.h">
      <Filter>window\frame</Filter>
    </ClInclude>
    <ClInclude Include="views\layout\non_client_layout.h">
      <Filter>views\layout</Filter>
    </ClInclude>
    <ClInclude Include="system\reg_manager.h">
      <Filter>system</Filter>
    </ClInclude>
    <ClInclude Include="files\file.h">
      <Filter>files</Filter>
    </ClInclude>
    <ClInclude Include="utils\unicode.h">
      <Filter>utils</Filter>
    </ClInclude>
    <ClInclude Include="drawable\check_drawable.h">
      <Filter>drawable</Filter>
    </ClInclude>
    <ClInclude Include="views\check_box.h">
      <Filter>views</Filter>
    </ClInclude>
    <ClInclude Include="graphics\vector2.h">
      <Filter>graphics</Filter>
    </ClInclude>
    <ClInclude Include="views\list\list_layouter.h">
      <Filter>views\list</Filter>
    </ClInclude>
    <ClInclude Include="views\list\grid_list_layouter.h">
      <Filter>views\list</Filter>
    </ClInclude>
    <ClInclude Include="views\list\linear_list_layouter.h">
      <Filter>views\list</Filter>
    </ClInclude>
    <ClInclude Include="views\list\list_structs.h">
      <Filter>views\list</Filter>
    </ClInclude>
    <ClInclude Include="views\title_bar\title_bar.h">
      <Filter>views\title_bar</Filter>
    </ClInclude>
    <ClInclude Include="window\window_listener.h">
      <Filter>window</Filter>
    </ClInclude>
    <ClInclude Include="views\chart_view.h">
      <Filter>views</Filter>
    </ClInclude>
    <ClInclude Include="utils\dynamic_windows_api.h">
      <Filter>utils</Filter>
    </ClInclude>
    <ClInclude Include="utils\win10_version.h">
      <Filter>utils</Filter>
    </ClInclude>
    <ClInclude Include="utils\weak_ref_nest.h">
      <Filter>utils</Filter>
    </ClInclude>
    <ClInclude Include="utils\xml\xml_parser.h">
      <Filter>utils\xml</Filter>
    </ClInclude>
    <ClInclude Include="utils\xml\xml_writer.h">
      <Filter>utils\xml</Filter>
    </ClInclude>
    <ClInclude Include="utils\xml\xml_structs.h">
      <Filter>utils\xml</Filter>
    </ClInclude>
    <ClInclude Include="resources\layout_instantiator.h">
      <Filter>resources</Filter>
    </ClInclude>
    <ClInclude Include="utils\xml\xml_pedometer.h">
      <Filter>utils\xml</Filter>
    </ClInclude>
    <ClInclude Include="resources\dimension_utils.h">
      <Filter>resources</Filter>
    </ClInclude>
    <ClInclude Include="animation\timer.h">
      <Filter>animation</Filter>
    </ClInclude>
    <ClInclude Include="animation\interpolator.h">
      <Filter>animation</Filter>
    </ClInclude>
    <ClInclude Include="animation\animation_director.h">
      <Filter>animation</Filter>
    </ClInclude>
    <ClInclude Include="animation\animator.h">
      <Filter>animation</Filter>
    </ClInclude>
    <ClInclude Include="net\http_client.h">
      <Filter>net</Filter>
    </ClInclude>
    <ClInclude Include="net\tls.h">
      <Filter>net</Filter>
    </ClInclude>
    <ClInclude Include="security\digest\md5.h">
      <Filter>security\digest</Filter>
    </ClInclude>
    <ClInclude Include="security\crypto\aes.h">
      <Filter>security\crypto</Filter>
    </ClInclude>
    <ClInclude Include="security\crypto\rsa.h">
      <Filter>security\crypto</Filter>
    </ClInclude>
    <ClInclude Include="security\digest\sha_private.h">
      <Filter>security\digest</Filter>
    </ClInclude>
    <ClInclude Include="security\digest\sha.h">
      <Filter>security\digest</Filter>
    </ClInclude>
    <ClInclude Include="net\socket.h">
      <Filter>net</Filter>
    </ClInclude>
    <ClInclude Include="utils\big_integer\big_integer.h">
      <Filter>utils\big_integer</Filter>
    </ClInclude>
    <ClInclude Include="utils\big_integer\int_array.h">
      <Filter>utils\big_integer</Filter>
    </ClInclude>
  </ItemGroup>
  <ItemGroup>
    <Filter Include="window">
      <UniqueIdentifier>{b51f6f19-acfb-4465-b930-f86996d5b4d3}</UniqueIdentifier>
    </Filter>
    <Filter Include="utils">
      <UniqueIdentifier>{7a5fe501-e462-429a-abc6-3c10680bc40f}</UniqueIdentifier>
    </Filter>
    <Filter Include="graphics">
      <UniqueIdentifier>{be442fbf-17c4-4caa-9ad5-cec076079454}</UniqueIdentifier>
    </Filter>
    <Filter Include="window\frame">
      <UniqueIdentifier>{fcf6cc79-1ae6-49e7-a6a4-7393cfb63183}</UniqueIdentifier>
    </Filter>
    <Filter Include="event">
      <UniqueIdentifier>{318bf901-c727-4dd7-9ed4-151b56553dbc}</UniqueIdentifier>
    </Filter>
    <Filter Include="system">
      <UniqueIdentifier>{840d816d-a64c-4941-b163-e544af4db81d}</UniqueIdentifier>
    </Filter>
    <Filter Include="message">
      <UniqueIdentifier>{5e2e9cec-fa20-40b5-9fdf-76c5cd920483}</UniqueIdentifier>
    </Filter>
    <Filter Include="animation">
      <UniqueIdentifier>{98b3ec74-0764-431c-861c-8e0a081530d8}</UniqueIdentifier>
    </Filter>
    <Filter Include="text">
      <UniqueIdentifier>{9c0be27a-aad4-47b8-93ef-aee4385a394a}</UniqueIdentifier>
    </Filter>
    <Filter Include="text\span">
      <UniqueIdentifier>{b978b27c-0cfd-4429-b48c-d6fc889a25bc}</UniqueIdentifier>
    </Filter>
    <Filter Include="drawable">
      <UniqueIdentifier>{e2b3fc37-0803-44fd-a8d9-8978a6b4313d}</UniqueIdentifier>
    </Filter>
    <Filter Include="menu">
      <UniqueIdentifier>{7e6ed82a-a573-4670-888e-9639681958e2}</UniqueIdentifier>
    </Filter>
    <Filter Include="views">
      <UniqueIdentifier>{1798bf0b-9516-4d89-9e2e-59ac0a2a3828}</UniqueIdentifier>
    </Filter>
    <Filter Include="views\layout">
      <UniqueIdentifier>{cb19e414-e8be-45fe-be55-a3e2d191edc4}</UniqueIdentifier>
    </Filter>
    <Filter Include="views\list">
      <UniqueIdentifier>{fe9efc35-eb80-43ea-8d5e-2974a5d8dd4e}</UniqueIdentifier>
    </Filter>
    <Filter Include="graphics\direct3d">
      <UniqueIdentifier>{9f042d8b-7913-4a2a-ab66-69969e03967e}</UniqueIdentifier>
    </Filter>
    <Filter Include="graphics\direct3d\effects">
      <UniqueIdentifier>{6db64e0d-5acc-429c-b3bc-55195c4c0f18}</UniqueIdentifier>
    </Filter>
    <Filter Include="graphics\direct3d\hlsl">
      <UniqueIdentifier>{b6700bbc-a76b-4523-845c-fef6a4494830}</UniqueIdentifier>
    </Filter>
    <Filter Include="graphics\render_node">
      <UniqueIdentifier>{bbfb6918-d6e4-4428-8a70-2e63ad352cc6}</UniqueIdentifier>
    </Filter>
    <Filter Include="files">
      <UniqueIdentifier>{b51fd15d-9a20-4be5-9d96-026070975a3d}</UniqueIdentifier>
    </Filter>
    <Filter Include="views\title_bar">
      <UniqueIdentifier>{58d30b33-09a0-48c8-9859-84fef49669e7}</UniqueIdentifier>
    </Filter>
    <Filter Include="utils\xml">
      <UniqueIdentifier>{b60392f2-edcb-453d-97b4-e34c386651a6}</UniqueIdentifier>
    </Filter>
    <Filter Include="resources">
      <UniqueIdentifier>{74a72a50-3993-40f9-bdd2-940dc88aa351}</UniqueIdentifier>
    </Filter>
    <Filter Include="net">
      <UniqueIdentifier>{a2ecb333-c529-43a7-932f-8774464dfdca}</UniqueIdentifier>
    </Filter>
    <Filter Include="security">
      <UniqueIdentifier>{ce349be7-ace0-4eea-b5ff-25f7838f23c8}</UniqueIdentifier>
    </Filter>
    <Filter Include="security\digest">
      <UniqueIdentifier>{5eea4fcf-5d95-4399-bcb3-26f5a87b9e79}</UniqueIdentifier>
    </Filter>
    <Filter Include="security\crypto">
      <UniqueIdentifier>{7bf90690-59e2-4a8b-9948-afe6fc44071f}</UniqueIdentifier>
    </Filter>
    <Filter Include="utils\big_integer">
      <UniqueIdentifier>{c8eb10ae-79fa-40b4-b963-aa0c12d18fdf}</UniqueIdentifier>
    </Filter>
  </ItemGroup>
  <ItemGroup>
    <FxCompile Include="graphics\direct3d\hlsl\shadow_effect_ps.hlsl">
      <Filter>graphics\direct3d\hlsl</Filter>
    </FxCompile>
    <FxCompile Include="graphics\direct3d\hlsl\shadow_effect_vs.hlsl">
      <Filter>graphics\direct3d\hlsl</Filter>
    </FxCompile>
  </ItemGroup>
</Project>